
Microsoft Visual Studio Solution File, Format Version 11.00
# Visual Studio 2010
Project("{F184B08F-C81C-45F6-A57F-5ABD9991F28F}") = "TCP通信 - Socket", "TCP通信 - Socket\TCP通信 - Socket.vbproj", "{67900DFD-89A6-4B9E-82BE-8BAF4B537838}"
EndProject
Global
	GlobalSection(SolutionConfigurationPlatforms) = preSolution
		Debug|x86 = Debug|x86
		Release|x86 = Release|x86
	EndGlobalSection
	GlobalSection(ProjectConfigurationPlatforms) = postSolution
		{67900DFD-89A6-4B9E-82BE-8BAF4B537838}.Debug|x86.ActiveCfg = Debug|x86
		{67900DFD-89A6-4B9E-82BE-8BAF4B537838}.Debug|x86.Build.0 = Debug|x86
		{67900DFD-89A6-4B9E-82BE-8BAF4B537838}.Release|x86.ActiveCfg = Release|x86
		{67900DFD-89A6-4B9E-82BE-8BAF4B537838}.Release|x86.Build.0 = Release|x86
	EndGlobalSection
	GlobalSection(SolutionProperties) = preSolution
		HideSolutionNode = FALSE
	EndGlobalSection
EndGlobal
